
Microsoft Visual Studio Solution File, Format Version 12.00
# Visual Studio 15
VisualStudioVersion = 15.0.28307.902
MinimumVisualStudioVersion = 10.0.40219.1
Project("{FAE04EC0-301F-11D3-BF4B-00C04F79EFBC}") = "WebAPIClient", "WebAPIClient\WebAPIClient.csproj", "{AD4C0D91-094A-4F33-B583-30AD4B48C0AB}"
EndProject
Project("{FAE04EC0-301F-11D3-BF4B-00C04F79EFBC}") = "WebClient", "WebClient\WebClient.csproj", "{154FCD4A-7267-49E2-B389-3C6B7D5180B3}"
EndProject
Global
	GlobalSection(SolutionConfigurationPlatforms) = preSolution
		Debug|Any CPU = Debug|Any CPU
		Release|Any CPU = Release|Any CPU
	EndGlobalSection
	GlobalSection(ProjectConfigurationPlatforms) = postSolution
		{AD4C0D91-094A-4F33-B583-30AD4B48C0AB}.Debug|Any CPU.ActiveCfg = Debug|Any CPU
		{AD4C0D91-094A-4F33-B583-30AD4B48C0AB}.Debug|Any CPU.Build.0 = Debug|Any CPU
		{AD4C0D91-094A-4F33-B583-30AD4B48C0AB}.Release|Any CPU.ActiveCfg = Release|Any CPU
		{AD4C0D91-094A-4F33-B583-30AD4B48C0AB}.Release|Any CPU.Build.0 = Release|Any CPU
		{154FCD4A-7267-49E2-B389-3C6B7D5180B3}.Debug|Any CPU.ActiveCfg = Debug|Any CPU
		{154FCD4A-7267-49E2-B389-3C6B7D5180B3}.Debug|Any CPU.Build.0 = Debug|Any CPU
		{154FCD4A-7267-49E2-B389-3C6B7D5180B3}.Release|Any CPU.ActiveCfg = Release|Any CPU
		{154FCD4A-7267-49E2-B389-3C6B7D5180B3}.Release|Any CPU.Build.0 = Release|Any CPU
	EndGlobalSection
	GlobalSection(SolutionProperties) = preSolution
		HideSolutionNode = FALSE
	EndGlobalSection
	GlobalSection(ExtensibilityGlobals) = postSolution
		SolutionGuid = {ABCE07ED-3F65-439E-9A27-62D705878B0A}
	EndGlobalSection
EndGlobal
